
Microsoft Visual Studio Solution File, Format Version 12.00
# Visual Studio 15
VisualStudioVersion = 15.0.26430.16
MinimumVisualStudioVersion = 10.0.40219.1
Project("{FAE04EC0-301F-11D3-BF4B-00C04F79EFBC}") = "WirednessHardwareMonitor", "WirednessHardwareMonitor\WirednessHardwareMonitor.csproj", "{22C28727-F024-46D7-8C94-7709B2EE7F3A}"
EndProject
Project("{FAE04EC0-301F-11D3-BF4B-00C04F79EFBC}") = "WirednessHardwareMonitorLib", "WirednessHardwareMonitorLib\WirednessHardwareMonitorLib.csproj", "{3249DAB5-4890-4447-948F-166EEB1633D7}"
EndProject
Project("{2150E333-8FDC-42A3-9474-1A3956D46DE8}") = "Solution Items", "Solution Items", "{982AB571-F022-4050-B5AC-111843A4EC16}"
	ProjectSection(SolutionItems) = preProject
		.gitignore = .gitignore
	EndProjectSection
EndProject
Global
	GlobalSection(SolutionConfigurationPlatforms) = preSolution
		Debug|Any CPU = Debug|Any CPU
		Release|Any CPU = Release|Any CPU
	EndGlobalSection
	GlobalSection(ProjectConfigurationPlatforms) = postSolution
		{22C28727-F024-46D7-8C94-7709B2EE7F3A}.Debug|Any CPU.ActiveCfg = Debug|Any CPU
		{22C28727-F024-46D7-8C94-7709B2EE7F3A}.Debug|Any CPU.Build.0 = Debug|Any CPU
		{22C28727-F024-46D7-8C94-7709B2EE7F3A}.Release|Any CPU.ActiveCfg = Release|Any CPU
		{22C28727-F024-46D7-8C94-7709B2EE7F3A}.Release|Any CPU.Build.0 = Release|Any CPU
		{3249DAB5-4890-4447-948F-166EEB1633D7}.Debug|Any CPU.ActiveCfg = Debug|Any CPU
		{3249DAB5-4890-4447-948F-166EEB1633D7}.Debug|Any CPU.Build.0 = Debug|Any CPU
		{3249DAB5-4890-4447-948F-166EEB1633D7}.Release|Any CPU.ActiveCfg = Release|Any CPU
		{3249DAB5-4890-4447-948F-166EEB1633D7}.Release|Any CPU.Build.0 = Release|Any CPU
	EndGlobalSection
	GlobalSection(SolutionProperties) = preSolution
		HideSolutionNode = FALSE
	EndGlobalSection
EndGlobal
